
Microsoft Visual Studio Solution File, Format Version 12.00
# Visual Studio Version 17
Project("{8BC9CEB8-8B4A-11D0-8D11-00A0C91BC942}") = "ALL_BUILD", "ALL_BUILD.vcxproj", "{4BDEB1A8-C4F1-36DE-91E8-FA097918D8AC}"
	ProjectSection(ProjectDependencies) = postProject
		{A7352594-EE2A-35CA-9E0D-233DD1946C64} = {A7352594-EE2A-35CA-9E0D-233DD1946C64}
		{C2C04A4D-69BA-374A-9CCD-9B2A07A9EB41} = {C2C04A4D-69BA-374A-9CCD-9B2A07A9EB41}
		{18172302-4527-3DFB-A2FB-53E24CF077EF} = {18172302-4527-3DFB-A2FB-53E24CF077EF}
		{A8C6BFAC-0EE1-3900-BA6A-DD570312BA8D} = {A8C6BFAC-0EE1-3900-BA6A-DD570312BA8D}
	EndProjectSection
EndProject
Project("{8BC9CEB8-8B4A-11D0-8D11-00A0C91BC942}") = "INSTALL", "INSTALL.vcxproj", "{27D745FC-19BC-36DC-84CB-5503FAE107F2}"
	ProjectSection(ProjectDependencies) = postProject
		{4BDEB1A8-C4F1-36DE-91E8-FA097918D8AC} = {4BDEB1A8-C4F1-36DE-91E8-FA097918D8AC}
		{A7352594-EE2A-35CA-9E0D-233DD1946C64} = {A7352594-EE2A-35CA-9E0D-233DD1946C64}
	EndProjectSection
EndProject
Project("{8BC9CEB8-8B4A-11D0-8D11-00A0C91BC942}") = "UpdateAssimpLibsDebugSymbolsAndDLLs", "UpdateAssimpLibsDebugSymbolsAndDLLs.vcxproj", "{CC756FF8-C7F5-3C38-8986-6CC8BB66534D}"
	ProjectSection(ProjectDependencies) = postProject
		{A7352594-EE2A-35CA-9E0D-233DD1946C64} = {A7352594-EE2A-35CA-9E0D-233DD1946C64}
	EndProjectSection
EndProject
Project("{8BC9CEB8-8B4A-11D0-8D11-00A0C91BC942}") = "ZERO_CHECK", "ZERO_CHECK.vcxproj", "{A7352594-EE2A-35CA-9E0D-233DD1946C64}"
	ProjectSection(ProjectDependencies) = postProject
	EndProjectSection
EndProject
Project("{8BC9CEB8-8B4A-11D0-8D11-00A0C91BC942}") = "assimp", "code\assimp.vcxproj", "{C2C04A4D-69BA-374A-9CCD-9B2A07A9EB41}"
	ProjectSection(ProjectDependencies) = postProject
		{A7352594-EE2A-35CA-9E0D-233DD1946C64} = {A7352594-EE2A-35CA-9E0D-233DD1946C64}
		{A8C6BFAC-0EE1-3900-BA6A-DD570312BA8D} = {A8C6BFAC-0EE1-3900-BA6A-DD570312BA8D}
	EndProjectSection
EndProject
Project("{8BC9CEB8-8B4A-11D0-8D11-00A0C91BC942}") = "uninstall", "uninstall.vcxproj", "{39DFA2F1-0005-3C6E-9AEB-024968A51AEB}"
	ProjectSection(ProjectDependencies) = postProject
		{A7352594-EE2A-35CA-9E0D-233DD1946C64} = {A7352594-EE2A-35CA-9E0D-233DD1946C64}
	EndProjectSection
EndProject
Project("{8BC9CEB8-8B4A-11D0-8D11-00A0C91BC942}") = "unit", "test\unit.vcxproj", "{18172302-4527-3DFB-A2FB-53E24CF077EF}"
	ProjectSection(ProjectDependencies) = postProject
		{A7352594-EE2A-35CA-9E0D-233DD1946C64} = {A7352594-EE2A-35CA-9E0D-233DD1946C64}
		{C2C04A4D-69BA-374A-9CCD-9B2A07A9EB41} = {C2C04A4D-69BA-374A-9CCD-9B2A07A9EB41}
		{A8C6BFAC-0EE1-3900-BA6A-DD570312BA8D} = {A8C6BFAC-0EE1-3900-BA6A-DD570312BA8D}
	EndProjectSection
EndProject
Project("{8BC9CEB8-8B4A-11D0-8D11-00A0C91BC942}") = "zlibstatic", "contrib\zlib\zlibstatic.vcxproj", "{A8C6BFAC-0EE1-3900-BA6A-DD570312BA8D}"
	ProjectSection(ProjectDependencies) = postProject
		{A7352594-EE2A-35CA-9E0D-233DD1946C64} = {A7352594-EE2A-35CA-9E0D-233DD1946C64}
	EndProjectSection
EndProject
Global
	GlobalSection(SolutionConfigurationPlatforms) = preSolution
		Debug|x64 = Debug|x64
		Release|x64 = Release|x64
		MinSizeRel|x64 = MinSizeRel|x64
		RelWithDebInfo|x64 = RelWithDebInfo|x64
	EndGlobalSection
	GlobalSection(ProjectConfigurationPlatforms) = postSolution
		{4BDEB1A8-C4F1-36DE-91E8-FA097918D8AC}.Debug|x64.ActiveCfg = Debug|x64
		{4BDEB1A8-C4F1-36DE-91E8-FA097918D8AC}.Debug|x64.Build.0 = Debug|x64
		{4BDEB1A8-C4F1-36DE-91E8-FA097918D8AC}.Release|x64.ActiveCfg = Release|x64
		{4BDEB1A8-C4F1-36DE-91E8-FA097918D8AC}.Release|x64.Build.0 = Release|x64
		{4BDEB1A8-C4F1-36DE-91E8-FA097918D8AC}.MinSizeRel|x64.ActiveCfg = MinSizeRel|x64
		{4BDEB1A8-C4F1-36DE-91E8-FA097918D8AC}.MinSizeRel|x64.Build.0 = MinSizeRel|x64
		{4BDEB1A8-C4F1-36DE-91E8-FA097918D8AC}.RelWithDebInfo|x64.ActiveCfg = RelWithDebInfo|x64
		{4BDEB1A8-C4F1-36DE-91E8-FA097918D8AC}.RelWithDebInfo|x64.Build.0 = RelWithDebInfo|x64
		{27D745FC-19BC-36DC-84CB-5503FAE107F2}.Debug|x64.ActiveCfg = Debug|x64
		{27D745FC-19BC-36DC-84CB-5503FAE107F2}.Release|x64.ActiveCfg = Release|x64
		{27D745FC-19BC-36DC-84CB-5503FAE107F2}.MinSizeRel|x64.ActiveCfg = MinSizeRel|x64
		{27D745FC-19BC-36DC-84CB-5503FAE107F2}.RelWithDebInfo|x64.ActiveCfg = RelWithDebInfo|x64
		{CC756FF8-C7F5-3C38-8986-6CC8BB66534D}.Debug|x64.ActiveCfg = Debug|x64
		{CC756FF8-C7F5-3C38-8986-6CC8BB66534D}.Release|x64.ActiveCfg = Release|x64
		{CC756FF8-C7F5-3C38-8986-6CC8BB66534D}.MinSizeRel|x64.ActiveCfg = MinSizeRel|x64
		{CC756FF8-C7F5-3C38-8986-6CC8BB66534D}.RelWithDebInfo|x64.ActiveCfg = RelWithDebInfo|x64
		{A7352594-EE2A-35CA-9E0D-233DD1946C64}.Debug|x64.ActiveCfg = Debug|x64
		{A7352594-EE2A-35CA-9E0D-233DD1946C64}.Debug|x64.Build.0 = Debug|x64
		{A7352594-EE2A-35CA-9E0D-233DD1946C64}.Release|x64.ActiveCfg = Release|x64
		{A7352594-EE2A-35CA-9E0D-233DD1946C64}.Release|x64.Build.0 = Release|x64
		{A7352594-EE2A-35CA-9E0D-233DD1946C64}.MinSizeRel|x64.ActiveCfg = MinSizeRel|x64
		{A7352594-EE2A-35CA-9E0D-233DD1946C64}.MinSizeRel|x64.Build.0 = MinSizeRel|x64
		{A7352594-EE2A-35CA-9E0D-233DD1946C64}.RelWithDebInfo|x64.ActiveCfg = RelWithDebInfo|x64
		{A7352594-EE2A-35CA-9E0D-233DD1946C64}.RelWithDebInfo|x64.Build.0 = RelWithDebInfo|x64
		{C2C04A4D-69BA-374A-9CCD-9B2A07A9EB41}.Debug|x64.ActiveCfg = Debug|x64
		{C2C04A4D-69BA-374A-9CCD-9B2A07A9EB41}.Debug|x64.Build.0 = Debug|x64
		{C2C04A4D-69BA-374A-9CCD-9B2A07A9EB41}.Release|x64.ActiveCfg = Release|x64
		{C2C04A4D-69BA-374A-9CCD-9B2A07A9EB41}.Release|x64.Build.0 = Release|x64
		{C2C04A4D-69BA-374A-9CCD-9B2A07A9EB41}.MinSizeRel|x64.ActiveCfg = MinSizeRel|x64
		{C2C04A4D-69BA-374A-9CCD-9B2A07A9EB41}.MinSizeRel|x64.Build.0 = MinSizeRel|x64
		{C2C04A4D-69BA-374A-9CCD-9B2A07A9EB41}.RelWithDebInfo|x64.ActiveCfg = RelWithDebInfo|x64
		{C2C04A4D-69BA-374A-9CCD-9B2A07A9EB41}.RelWithDebInfo|x64.Build.0 = RelWithDebInfo|x64
		{39DFA2F1-0005-3C6E-9AEB-024968A51AEB}.Debug|x64.ActiveCfg = Debug|x64
		{39DFA2F1-0005-3C6E-9AEB-024968A51AEB}.Release|x64.ActiveCfg = Release|x64
		{39DFA2F1-0005-3C6E-9AEB-024968A51AEB}.MinSizeRel|x64.ActiveCfg = MinSizeRel|x64
		{39DFA2F1-0005-3C6E-9AEB-024968A51AEB}.RelWithDebInfo|x64.ActiveCfg = RelWithDebInfo|x64
		{18172302-4527-3DFB-A2FB-53E24CF077EF}.Debug|x64.ActiveCfg = Debug|x64
		{18172302-4527-3DFB-A2FB-53E24CF077EF}.Debug|x64.Build.0 = Debug|x64
		{18172302-4527-3DFB-A2FB-53E24CF077EF}.Release|x64.ActiveCfg = Release|x64
		{18172302-4527-3DFB-A2FB-53E24CF077EF}.Release|x64.Build.0 = Release|x64
		{18172302-4527-3DFB-A2FB-53E24CF077EF}.MinSizeRel|x64.ActiveCfg = MinSizeRel|x64
		{18172302-4527-3DFB-A2FB-53E24CF077EF}.MinSizeRel|x64.Build.0 = MinSizeRel|x64
		{18172302-4527-3DFB-A2FB-53E24CF077EF}.RelWithDebInfo|x64.ActiveCfg = RelWithDebInfo|x64
		{18172302-4527-3DFB-A2FB-53E24CF077EF}.RelWithDebInfo|x64.Build.0 = RelWithDebInfo|x64
		{A8C6BFAC-0EE1-3900-BA6A-DD570312BA8D}.Debug|x64.ActiveCfg = Debug|x64
		{A8C6BFAC-0EE1-3900-BA6A-DD570312BA8D}.Debug|x64.Build.0 = Debug|x64
		{A8C6BFAC-0EE1-3900-BA6A-DD570312BA8D}.Release|x64.ActiveCfg = Release|x64
		{A8C6BFAC-0EE1-3900-BA6A-DD570312BA8D}.Release|x64.Build.0 = Release|x64
		{A8C6BFAC-0EE1-3900-BA6A-DD570312BA8D}.MinSizeRel|x64.ActiveCfg = MinSizeRel|x64
		{A8C6BFAC-0EE1-3900-BA6A-DD570312BA8D}.MinSizeRel|x64.Build.0 = MinSizeRel|x64
		{A8C6BFAC-0EE1-3900-BA6A-DD570312BA8D}.RelWithDebInfo|x64.ActiveCfg = RelWithDebInfo|x64
		{A8C6BFAC-0EE1-3900-BA6A-DD570312BA8D}.RelWithDebInfo|x64.Build.0 = RelWithDebInfo|x64
	EndGlobalSection
	GlobalSection(ExtensibilityGlobals) = postSolution
		SolutionGuid = {F2946943-175D-3C3D-A3C9-443A26B3E01C}
	EndGlobalSection
	GlobalSection(ExtensibilityAddIns) = postSolution
	EndGlobalSection
EndGlobal
