<?xml version="1.0" encoding="utf-8"?>
<Project ToolsVersion="17.0" xmlns="http://schemas.microsoft.com/developer/msbuild/2003">
  <ItemGroup>
    <CustomBuild Include="D:\GitSourceControl\IsaacObjectLoader\dependencies\assimp\CMakeFiles\d1abfd4429011d28984f3fdf542c639a\INSTALL_force.rule">
      <Filter>CMake Rules</Filter>
    </CustomBuild>
  </ItemGroup>
  <ItemGroup>
    <Filter Include="CMake Rules">
      <UniqueIdentifier>{606DC663-8658-372D-BCBE-00B47DA4158D}</UniqueIdentifier>
    </Filter>
  </ItemGroup>
</Project>
